
Microsoft Visual Studio Solution File, Format Version 12.00
# Visual Studio Version 16
VisualStudioVersion = 16.0.808.6
MinimumVisualStudioVersion = 10.0.40219.1
Project("{FAE04EC0-301F-11D3-BF4B-00C04F79EFBC}") = "Bhasha.Web", "Bhasha.Web\Bhasha.Web.csproj", "{A96DEE7E-2289-4582-9C64-4814359498E4}"
EndProject
Project("{FAE04EC0-301F-11D3-BF4B-00C04F79EFBC}") = "Bhasha.Web.Tests", "Bhasha.Web.Tests\Bhasha.Web.Tests.csproj", "{9EFB903A-AB77-4D28-A7E0-80B053E3EEF6}"
EndProject
Global
	GlobalSection(SolutionConfigurationPlatforms) = preSolution
		Debug|anycpu = Debug|anycpu
		Release|anycpu = Release|anycpu
	EndGlobalSection
	GlobalSection(ProjectConfigurationPlatforms) = postSolution
		{A96DEE7E-2289-4582-9C64-4814359498E4}.Debug|anycpu.ActiveCfg = Debug|Any CPU
		{A96DEE7E-2289-4582-9C64-4814359498E4}.Debug|anycpu.Build.0 = Debug|Any CPU
		{A96DEE7E-2289-4582-9C64-4814359498E4}.Release|anycpu.ActiveCfg = Release|Any CPU
		{A96DEE7E-2289-4582-9C64-4814359498E4}.Release|anycpu.Build.0 = Release|Any CPU
		{9EFB903A-AB77-4D28-A7E0-80B053E3EEF6}.Debug|anycpu.ActiveCfg = Debug|Any CPU
		{9EFB903A-AB77-4D28-A7E0-80B053E3EEF6}.Debug|anycpu.Build.0 = Debug|Any CPU
		{9EFB903A-AB77-4D28-A7E0-80B053E3EEF6}.Release|anycpu.ActiveCfg = Release|Any CPU
		{9EFB903A-AB77-4D28-A7E0-80B053E3EEF6}.Release|anycpu.Build.0 = Release|Any CPU
	EndGlobalSection
	GlobalSection(SolutionProperties) = preSolution
		HideSolutionNode = FALSE
	EndGlobalSection
	GlobalSection(ExtensibilityGlobals) = postSolution
		SolutionGuid = {7B0EA5B4-33CC-4FEA-A3D3-BFB55C857C34}
	EndGlobalSection
EndGlobal
