
Microsoft Visual Studio Solution File, Format Version 12.00
# Visual Studio Version 16
VisualStudioVersion = 16.0.808.6
MinimumVisualStudioVersion = 10.0.40219.1
Project("{FAE04EC0-301F-11D3-BF4B-00C04F79EFBC}") = "Bhasha.Common", "Bhasha.Common\Bhasha.Common.csproj", "{4F6F703F-4615-4F84-A44F-018527B63FE3}"
EndProject
Project("{FAE04EC0-301F-11D3-BF4B-00C04F79EFBC}") = "Bhasha.Common.Tests", "Bhasha.Common.Tests\Bhasha.Common.Tests.csproj", "{9A7CB596-1CAC-4E63-B87B-9352D40F4DCA}"
EndProject
Project("{FAE04EC0-301F-11D3-BF4B-00C04F79EFBC}") = "Bhasha.Common.MongoDB", "Bhasha.Common.MongoDB\Bhasha.Common.MongoDB.csproj", "{D78E5AAA-DFC4-4314-97B0-AA580BD84DCB}"
EndProject
Project("{FAE04EC0-301F-11D3-BF4B-00C04F79EFBC}") = "Bhasha.Common.MongoDB.Tests", "Bhasha.Common.MongoDB.Tests\Bhasha.Common.MongoDB.Tests.csproj", "{64638C04-B60D-4833-84CC-9BE1B05CD098}"
EndProject
Project("{FAE04EC0-301F-11D3-BF4B-00C04F79EFBC}") = "Bhasha.Web.Api", "Bhasha.Web.Api\Bhasha.Web.Api.csproj", "{F06962F2-B683-470B-9022-61923401D915}"
EndProject
Global
	GlobalSection(SolutionConfigurationPlatforms) = preSolution
		Debug|anycpu = Debug|anycpu
		Release|anycpu = Release|anycpu
	EndGlobalSection
	GlobalSection(ProjectConfigurationPlatforms) = postSolution
		{4F6F703F-4615-4F84-A44F-018527B63FE3}.Debug|anycpu.ActiveCfg = Debug|Any CPU
		{4F6F703F-4615-4F84-A44F-018527B63FE3}.Debug|anycpu.Build.0 = Debug|Any CPU
		{4F6F703F-4615-4F84-A44F-018527B63FE3}.Release|anycpu.ActiveCfg = Release|Any CPU
		{4F6F703F-4615-4F84-A44F-018527B63FE3}.Release|anycpu.Build.0 = Release|Any CPU
		{9A7CB596-1CAC-4E63-B87B-9352D40F4DCA}.Debug|anycpu.ActiveCfg = Debug|Any CPU
		{9A7CB596-1CAC-4E63-B87B-9352D40F4DCA}.Debug|anycpu.Build.0 = Debug|Any CPU
		{9A7CB596-1CAC-4E63-B87B-9352D40F4DCA}.Release|anycpu.ActiveCfg = Release|Any CPU
		{9A7CB596-1CAC-4E63-B87B-9352D40F4DCA}.Release|anycpu.Build.0 = Release|Any CPU
		{D78E5AAA-DFC4-4314-97B0-AA580BD84DCB}.Debug|anycpu.ActiveCfg = Debug|Any CPU
		{D78E5AAA-DFC4-4314-97B0-AA580BD84DCB}.Debug|anycpu.Build.0 = Debug|Any CPU
		{D78E5AAA-DFC4-4314-97B0-AA580BD84DCB}.Release|anycpu.ActiveCfg = Release|Any CPU
		{D78E5AAA-DFC4-4314-97B0-AA580BD84DCB}.Release|anycpu.Build.0 = Release|Any CPU
		{64638C04-B60D-4833-84CC-9BE1B05CD098}.Debug|anycpu.ActiveCfg = Debug|Any CPU
		{64638C04-B60D-4833-84CC-9BE1B05CD098}.Debug|anycpu.Build.0 = Debug|Any CPU
		{64638C04-B60D-4833-84CC-9BE1B05CD098}.Release|anycpu.ActiveCfg = Release|Any CPU
		{64638C04-B60D-4833-84CC-9BE1B05CD098}.Release|anycpu.Build.0 = Release|Any CPU
		{F06962F2-B683-470B-9022-61923401D915}.Debug|anycpu.ActiveCfg = Debug|Any CPU
		{F06962F2-B683-470B-9022-61923401D915}.Debug|anycpu.Build.0 = Debug|Any CPU
		{F06962F2-B683-470B-9022-61923401D915}.Release|anycpu.ActiveCfg = Release|Any CPU
		{F06962F2-B683-470B-9022-61923401D915}.Release|anycpu.Build.0 = Release|Any CPU
	EndGlobalSection
	GlobalSection(SolutionProperties) = preSolution
		HideSolutionNode = FALSE
	EndGlobalSection
	GlobalSection(ExtensibilityGlobals) = postSolution
		SolutionGuid = {7B0EA5B4-33CC-4FEA-A3D3-BFB55C857C34}
	EndGlobalSection
EndGlobal
